{
  "object": {
    "pins": [
      {
        "package": "MultiplicativeArithmetic",
        "repositoryURL": "https://github.com/RougeWare/Swift-MultiplicativeArithmetic.git",
        "state": {
          "branch": null,
          "revision": "71e7201b4debe94fe7dca6f10d6b34c487f991b2",
          "version": "1.2.0"
        }
      },
      {
        "package": "RectangleTools",
        "repositoryURL": "https://github.com/RougeWare/Swift-Rectangle-Tools.git",
        "state": {
          "branch": null,
          "revision": "54e1e057da5483fff9409cf85afb0f72e3e4877e",
          "version": "2.4.0"
        }
      },
      {
        "package": "SafePointer",
        "repositoryURL": "https://github.com/RougeWare/Swift-Safe-Pointer.git",
        "state": {
          "branch": null,
          "revision": "35a96bd9d1dd42ae1101341424c76c88a14da3f2",
          "version": "2.0.1"
        }
      }
    ]
  },
  "version": 1
}
